
Microsoft Visual Studio Solution File, Format Version 12.00
# Visual Studio Version 16
VisualStudioVersion = 16.0.29418.71
MinimumVisualStudioVersion = 10.0.40219.1
Project("{FAE04EC0-301F-11D3-BF4B-00C04F79EFBC}") = "ClientServer", "ClientServer.csproj", "{5119E60E-FE35-4194-8098-F0FE3737EBDA}"
EndProject
Global
	GlobalSection(SolutionConfigurationPlatforms) = preSolution
		Debug|Any CPU = Debug|Any CPU
		Release|Any CPU = Release|Any CPU
	EndGlobalSection
	GlobalSection(ProjectConfigurationPlatforms) = postSolution
		{5119E60E-FE35-4194-8098-F0FE3737EBDA}.Debug|Any CPU.ActiveCfg = Debug|Any CPU
		{5119E60E-FE35-4194-8098-F0FE3737EBDA}.Debug|Any CPU.Build.0 = Debug|Any CPU
		{5119E60E-FE35-4194-8098-F0FE3737EBDA}.Release|Any CPU.ActiveCfg = Release|Any CPU
		{5119E60E-FE35-4194-8098-F0FE3737EBDA}.Release|Any CPU.Build.0 = Release|Any CPU
	EndGlobalSection
	GlobalSection(SolutionProperties) = preSolution
		HideSolutionNode = FALSE
	EndGlobalSection
	GlobalSection(ExtensibilityGlobals) = postSolution
		SolutionGuid = {B2DCAF15-6086-48F2-9348-5C510AE9EEB9}
	EndGlobalSection
EndGlobal
